
Microsoft Visual Studio Solution File, Format Version 12.00
# Visual Studio 2013
VisualStudioVersion = 12.0.21005.1
MinimumVisualStudioVersion = 10.0.40219.1
Project("{F14B399A-7131-4C87-9E4B-1186C45EF12D}") = "Comp And Floating Holiday Balance", "Comp And Floating Holiday Balance\Comp And Floating Holiday Balance.rptproj", "{364B691F-5707-4540-9BC0-5457C988F407}"
EndProject
Global
	GlobalSection(SolutionConfigurationPlatforms) = preSolution
		Debug|Default = Debug|Default
		DebugLocal|Default = DebugLocal|Default
		Release|Default = Release|Default
	EndGlobalSection
	GlobalSection(ProjectConfigurationPlatforms) = postSolution
		{364B691F-5707-4540-9BC0-5457C988F407}.Debug|Default.ActiveCfg = Debug
		{364B691F-5707-4540-9BC0-5457C988F407}.Debug|Default.Build.0 = Debug
		{364B691F-5707-4540-9BC0-5457C988F407}.Debug|Default.Deploy.0 = Debug
		{364B691F-5707-4540-9BC0-5457C988F407}.DebugLocal|Default.ActiveCfg = DebugLocal
		{364B691F-5707-4540-9BC0-5457C988F407}.DebugLocal|Default.Build.0 = DebugLocal
		{364B691F-5707-4540-9BC0-5457C988F407}.Release|Default.ActiveCfg = Release
		{364B691F-5707-4540-9BC0-5457C988F407}.Release|Default.Build.0 = Release
		{364B691F-5707-4540-9BC0-5457C988F407}.Release|Default.Deploy.0 = Release
	EndGlobalSection
	GlobalSection(SolutionProperties) = preSolution
		HideSolutionNode = FALSE
	EndGlobalSection
EndGlobal
